PODS:
  - GoogleAds-IMA-iOS-SDK (3.13.0)

DEPENDENCIES:
  - GoogleAds-IMA-iOS-SDK (~> 3.6)

SPEC REPOS:
  trunk:
    - GoogleAds-IMA-iOS-SDK

SPEC CHECKSUMS:
  GoogleAds-IMA-iOS-SDK: b8d3693d370edcbd1440c827897c2b2a0b76673d

PODFILE CHECKSUM: bbac402cdd96457d802fa65d2a1b74c03fbad329

COCOAPODS: 1.10.1
